
Microsoft Visual Studio Solution File, Format Version 12.00
# Visual Studio Version 17
VisualStudioVersion = 17.9.34728.123
MinimumVisualStudioVersion = 10.0.40219.1
Project("{FAE04EC0-301F-11D3-BF4B-00C04F79EFBC}") = "SharedLibrary", "SharedLibrary.csproj", "{91FFC2BD-5B7F-4F92-95F0-346B8AACB54E}"
EndProject
Global
	GlobalSection(SolutionConfigurationPlatforms) = preSolution
		Debug|Any CPU = Debug|Any CPU
		Release|Any CPU = Release|Any CPU
	EndGlobalSection
	GlobalSection(ProjectConfigurationPlatforms) = postSolution
		{91FFC2BD-5B7F-4F92-95F0-346B8AACB54E}.Debug|Any CPU.ActiveCfg = Debug|Any CPU
		{91FFC2BD-5B7F-4F92-95F0-346B8AACB54E}.Debug|Any CPU.Build.0 = Debug|Any CPU
		{91FFC2BD-5B7F-4F92-95F0-346B8AACB54E}.Release|Any CPU.ActiveCfg = Release|Any CPU
		{91FFC2BD-5B7F-4F92-95F0-346B8AACB54E}.Release|Any CPU.Build.0 = Release|Any CPU
	EndGlobalSection
	GlobalSection(SolutionProperties) = preSolution
		HideSolutionNode = FALSE
	EndGlobalSection
	GlobalSection(ExtensibilityGlobals) = postSolution
		SolutionGuid = {2E48CE05-D551-40D0-B013-20069C6BEF01}
	EndGlobalSection
EndGlobal
